
Microsoft Visual Studio Solution File, Format Version 12.00
# Visual Studio Version 17
VisualStudioVersion = 17.13.35806.99 d17.13
MinimumVisualStudioVersion = 10.0.40219.1
Project("{FAE04EC0-301F-11D3-BF4B-00C04F79EFBC}") = "Jurnalmodul9_2311104041", "Jurnalmodul9_2311104041.csproj", "{2587CEDC-F06E-4AE2-9821-E206EF853983}"
EndProject
Global
	GlobalSection(SolutionConfigurationPlatforms) = preSolution
		Debug|Any CPU = Debug|Any CPU
		Release|Any CPU = Release|Any CPU
	EndGlobalSection
	GlobalSection(ProjectConfigurationPlatforms) = postSolution
		{2587CEDC-F06E-4AE2-9821-E206EF853983}.Debug|Any CPU.ActiveCfg = Debug|Any CPU
		{2587CEDC-F06E-4AE2-9821-E206EF853983}.Debug|Any CPU.Build.0 = Debug|Any CPU
		{2587CEDC-F06E-4AE2-9821-E206EF853983}.Release|Any CPU.ActiveCfg = Release|Any CPU
		{2587CEDC-F06E-4AE2-9821-E206EF853983}.Release|Any CPU.Build.0 = Release|Any CPU
	EndGlobalSection
	GlobalSection(SolutionProperties) = preSolution
		HideSolutionNode = FALSE
	EndGlobalSection
	GlobalSection(ExtensibilityGlobals) = postSolution
		SolutionGuid = {231E1BAB-CE18-4A27-AF3D-175AEE620305}
	EndGlobalSection
EndGlobal
