
Microsoft Visual Studio Solution File, Format Version 12.00
# Visual Studio Version 17
VisualStudioVersion = 17.13.35806.99 d17.13
MinimumVisualStudioVersion = 10.0.40219.1
Project("{FAE04EC0-301F-11D3-BF4B-00C04F79EFBC}") = "AljabarLibraries", "AljabarLibraries.csproj", "{1F46764C-FBFB-4D82-8E4F-3FF7441B7C34}"
EndProject
Project("{FAE04EC0-301F-11D3-BF4B-00C04F79EFBC}") = "AljabarConsoleApp", "..\AljabarConsoleApp\AljabarConsoleApp.csproj", "{FEA05B62-F771-4F25-8A96-1EF034818FBD}"
EndProject
Global
	GlobalSection(SolutionConfigurationPlatforms) = preSolution
		Debug|Any CPU = Debug|Any CPU
		Release|Any CPU = Release|Any CPU
	EndGlobalSection
	GlobalSection(ProjectConfigurationPlatforms) = postSolution
		{1F46764C-FBFB-4D82-8E4F-3FF7441B7C34}.Debug|Any CPU.ActiveCfg = Debug|Any CPU
		{1F46764C-FBFB-4D82-8E4F-3FF7441B7C34}.Debug|Any CPU.Build.0 = Debug|Any CPU
		{1F46764C-FBFB-4D82-8E4F-3FF7441B7C34}.Release|Any CPU.ActiveCfg = Release|Any CPU
		{1F46764C-FBFB-4D82-8E4F-3FF7441B7C34}.Release|Any CPU.Build.0 = Release|Any CPU
		{FEA05B62-F771-4F25-8A96-1EF034818FBD}.Debug|Any CPU.ActiveCfg = Debug|Any CPU
		{FEA05B62-F771-4F25-8A96-1EF034818FBD}.Debug|Any CPU.Build.0 = Debug|Any CPU
		{FEA05B62-F771-4F25-8A96-1EF034818FBD}.Release|Any CPU.ActiveCfg = Release|Any CPU
		{FEA05B62-F771-4F25-8A96-1EF034818FBD}.Release|Any CPU.Build.0 = Release|Any CPU
	EndGlobalSection
	GlobalSection(SolutionProperties) = preSolution
		HideSolutionNode = FALSE
	EndGlobalSection
	GlobalSection(ExtensibilityGlobals) = postSolution
		SolutionGuid = {D9F47C94-F9D2-4B28-AF54-22F58CBC13B6}
	EndGlobalSection
EndGlobal
