
Microsoft Visual Studio Solution File, Format Version 12.00
# Visual Studio Version 17
VisualStudioVersion = 17.13.35806.99 d17.13
MinimumVisualStudioVersion = 10.0.40219.1
Project("{FAE04EC0-301F-11D3-BF4B-00C04F79EFBC}") = "JurnalModul8_2311104041", "JurnalModul8_2311104041.csproj", "{F9A99D77-1D84-464F-9773-2DFAB5FFE913}"
EndProject
Global
	GlobalSection(SolutionConfigurationPlatforms) = preSolution
		Debug|Any CPU = Debug|Any CPU
		Release|Any CPU = Release|Any CPU
	EndGlobalSection
	GlobalSection(ProjectConfigurationPlatforms) = postSolution
		{F9A99D77-1D84-464F-9773-2DFAB5FFE913}.Debug|Any CPU.ActiveCfg = Debug|Any CPU
		{F9A99D77-1D84-464F-9773-2DFAB5FFE913}.Debug|Any CPU.Build.0 = Debug|Any CPU
		{F9A99D77-1D84-464F-9773-2DFAB5FFE913}.Release|Any CPU.ActiveCfg = Release|Any CPU
		{F9A99D77-1D84-464F-9773-2DFAB5FFE913}.Release|Any CPU.Build.0 = Release|Any CPU
	EndGlobalSection
	GlobalSection(SolutionProperties) = preSolution
		HideSolutionNode = FALSE
	EndGlobalSection
	GlobalSection(ExtensibilityGlobals) = postSolution
		SolutionGuid = {27C01C5E-C815-462E-B937-7383608E9A7C}
	EndGlobalSection
EndGlobal
