
Microsoft Visual Studio Solution File, Format Version 12.00
# Visual Studio Version 17
VisualStudioVersion = 17.13.35806.99 d17.13
MinimumVisualStudioVersion = 10.0.40219.1
Project("{FAE04EC0-301F-11D3-BF4B-00C04F79EFBC}") = "StringLiblary", "StringLiblary\StringLiblary.csproj", "{B87A5CB0-179F-4889-8E28-91083B4A92FF}"
EndProject
Project("{FAE04EC0-301F-11D3-BF4B-00C04F79EFBC}") = "ShowCase", "ShowCase\ShowCase.csproj", "{4DD865D5-D806-494F-AB39-8E83A74FCF69}"
EndProject
Global
	GlobalSection(SolutionConfigurationPlatforms) = preSolution
		Debug|Any CPU = Debug|Any CPU
		Release|Any CPU = Release|Any CPU
	EndGlobalSection
	GlobalSection(ProjectConfigurationPlatforms) = postSolution
		{B87A5CB0-179F-4889-8E28-91083B4A92FF}.Debug|Any CPU.ActiveCfg = Debug|Any CPU
		{B87A5CB0-179F-4889-8E28-91083B4A92FF}.Debug|Any CPU.Build.0 = Debug|Any CPU
		{B87A5CB0-179F-4889-8E28-91083B4A92FF}.Release|Any CPU.ActiveCfg = Release|Any CPU
		{B87A5CB0-179F-4889-8E28-91083B4A92FF}.Release|Any CPU.Build.0 = Release|Any CPU
		{4DD865D5-D806-494F-AB39-8E83A74FCF69}.Debug|Any CPU.ActiveCfg = Debug|Any CPU
		{4DD865D5-D806-494F-AB39-8E83A74FCF69}.Debug|Any CPU.Build.0 = Debug|Any CPU
		{4DD865D5-D806-494F-AB39-8E83A74FCF69}.Release|Any CPU.ActiveCfg = Release|Any CPU
		{4DD865D5-D806-494F-AB39-8E83A74FCF69}.Release|Any CPU.Build.0 = Release|Any CPU
	EndGlobalSection
	GlobalSection(SolutionProperties) = preSolution
		HideSolutionNode = FALSE
	EndGlobalSection
	GlobalSection(ExtensibilityGlobals) = postSolution
		SolutionGuid = {2F6253F6-F486-46E6-97AD-C463440C0DFB}
	EndGlobalSection
EndGlobal
