
Microsoft Visual Studio Solution File, Format Version 12.00
# Visual Studio Version 17
VisualStudioVersion = 17.13.35806.99 d17.13
MinimumVisualStudioVersion = 10.0.40219.1
Project("{FAE04EC0-301F-11D3-BF4B-00C04F79EFBC}") = "Modul15_2311104041", "Modul15_2311104041.csproj", "{94903BB8-A21E-4069-BB11-272DEC328CCD}"
EndProject
Global
	GlobalSection(SolutionConfigurationPlatforms) = preSolution
		Debug|Any CPU = Debug|Any CPU
		Release|Any CPU = Release|Any CPU
	EndGlobalSection
	GlobalSection(ProjectConfigurationPlatforms) = postSolution
		{94903BB8-A21E-4069-BB11-272DEC328CCD}.Debug|Any CPU.ActiveCfg = Debug|Any CPU
		{94903BB8-A21E-4069-BB11-272DEC328CCD}.Debug|Any CPU.Build.0 = Debug|Any CPU
		{94903BB8-A21E-4069-BB11-272DEC328CCD}.Release|Any CPU.ActiveCfg = Release|Any CPU
		{94903BB8-A21E-4069-BB11-272DEC328CCD}.Release|Any CPU.Build.0 = Release|Any CPU
	EndGlobalSection
	GlobalSection(SolutionProperties) = preSolution
		HideSolutionNode = FALSE
	EndGlobalSection
	GlobalSection(ExtensibilityGlobals) = postSolution
		SolutionGuid = {A13D1E4C-8121-4678-A6DE-5664F18A5552}
	EndGlobalSection
EndGlobal
