
Microsoft Visual Studio Solution File, Format Version 12.00
# Visual Studio Version 17
VisualStudioVersion = 17.13.35806.99 d17.13
MinimumVisualStudioVersion = 10.0.40219.1
Project("{FAE04EC0-301F-11D3-BF4B-00C04F79EFBC}") = "Guided", "Guided.csproj", "{88705595-7EF9-4A8F-A1FB-87D568C2996A}"
EndProject
Global
	GlobalSection(SolutionConfigurationPlatforms) = preSolution
		Debug|Any CPU = Debug|Any CPU
		Release|Any CPU = Release|Any CPU
	EndGlobalSection
	GlobalSection(ProjectConfigurationPlatforms) = postSolution
		{88705595-7EF9-4A8F-A1FB-87D568C2996A}.Debug|Any CPU.ActiveCfg = Debug|Any CPU
		{88705595-7EF9-4A8F-A1FB-87D568C2996A}.Debug|Any CPU.Build.0 = Debug|Any CPU
		{88705595-7EF9-4A8F-A1FB-87D568C2996A}.Release|Any CPU.ActiveCfg = Release|Any CPU
		{88705595-7EF9-4A8F-A1FB-87D568C2996A}.Release|Any CPU.Build.0 = Release|Any CPU
	EndGlobalSection
	GlobalSection(SolutionProperties) = preSolution
		HideSolutionNode = FALSE
	EndGlobalSection
	GlobalSection(ExtensibilityGlobals) = postSolution
		SolutionGuid = {86228CE9-BEAD-4196-B832-C2D7519FB7CB}
	EndGlobalSection
EndGlobal
