
Microsoft Visual Studio Solution File, Format Version 12.00
# Visual Studio Version 17
VisualStudioVersion = 17.13.35806.99 d17.13
MinimumVisualStudioVersion = 10.0.40219.1
Project("{FAE04EC0-301F-11D3-BF4B-00C04F79EFBC}") = "TPModul13_2311104041", "TPModul13_2311104041.csproj", "{27FFA10F-21ED-4A1A-950D-F1F84601176B}"
EndProject
Global
	GlobalSection(SolutionConfigurationPlatforms) = preSolution
		Debug|Any CPU = Debug|Any CPU
		Release|Any CPU = Release|Any CPU
	EndGlobalSection
	GlobalSection(ProjectConfigurationPlatforms) = postSolution
		{27FFA10F-21ED-4A1A-950D-F1F84601176B}.Debug|Any CPU.ActiveCfg = Debug|Any CPU
		{27FFA10F-21ED-4A1A-950D-F1F84601176B}.Debug|Any CPU.Build.0 = Debug|Any CPU
		{27FFA10F-21ED-4A1A-950D-F1F84601176B}.Release|Any CPU.ActiveCfg = Release|Any CPU
		{27FFA10F-21ED-4A1A-950D-F1F84601176B}.Release|Any CPU.Build.0 = Release|Any CPU
	EndGlobalSection
	GlobalSection(SolutionProperties) = preSolution
		HideSolutionNode = FALSE
	EndGlobalSection
	GlobalSection(ExtensibilityGlobals) = postSolution
		SolutionGuid = {52C3A1E9-FFBF-46D6-A836-D0F1B79ED67B}
	EndGlobalSection
EndGlobal
