
Microsoft Visual Studio Solution File, Format Version 12.00
# Visual Studio Version 17
VisualStudioVersion = 17.13.35806.99 d17.13
MinimumVisualStudioVersion = 10.0.40219.1
Project("{FAE04EC0-301F-11D3-BF4B-00C04F79EFBC}") = "Tpmodul5_2311104041", "Tpmodul5_2311104041.csproj", "{6DF8F186-C2DB-453F-A1D9-E528F7D562A7}"
EndProject
Global
	GlobalSection(SolutionConfigurationPlatforms) = preSolution
		Debug|Any CPU = Debug|Any CPU
		Release|Any CPU = Release|Any CPU
	EndGlobalSection
	GlobalSection(ProjectConfigurationPlatforms) = postSolution
		{6DF8F186-C2DB-453F-A1D9-E528F7D562A7}.Debug|Any CPU.ActiveCfg = Debug|Any CPU
		{6DF8F186-C2DB-453F-A1D9-E528F7D562A7}.Debug|Any CPU.Build.0 = Debug|Any CPU
		{6DF8F186-C2DB-453F-A1D9-E528F7D562A7}.Release|Any CPU.ActiveCfg = Release|Any CPU
		{6DF8F186-C2DB-453F-A1D9-E528F7D562A7}.Release|Any CPU.Build.0 = Release|Any CPU
	EndGlobalSection
	GlobalSection(SolutionProperties) = preSolution
		HideSolutionNode = FALSE
	EndGlobalSection
	GlobalSection(ExtensibilityGlobals) = postSolution
		SolutionGuid = {3198190B-CD00-4B0F-843F-AF2E27470B94}
	EndGlobalSection
EndGlobal
